<?xml version="1.0" encoding="utf-8"?>
<Project ToolsVersion="4.0" xmlns="http://schemas.microsoft.com/developer/msbuild/2003">
  <ItemGroup>
    <Filter Include="win32">
      <UniqueIdentifier>{84a8ebd7-7cf0-47f6-b75e-d441df67da40}</UniqueIdentifier>
    </Filter>
    <Filter Include="resource">
      <UniqueIdentifier>{715254bc-d70b-4ec5-bf29-467dd3ace079}</UniqueIdentifier>
    </Filter>
    <Filter Include="src">
      <UniqueIdentifier>{bb6c862e-70e9-49d9-81b7-3829a6f50471}</UniqueIdentifier>
    </Filter>
    <Filter Include="src\Events">
      <UniqueIdentifier>{cc8de0d2-428c-4c9e-87f4-76fc5cd67f71}</UniqueIdentifier>
    </Filter>
    <Filter Include="src\Actors">
      <UniqueIdentifier>{8dd6862c-4ce0-4f56-a4f7-560ba69267d2}</UniqueIdentifier>
    </Filter>
    <Filter Include="src\GameController">
      <UniqueIdentifier>{1d880279-8006-444f-83f2-7d5be4354e93}</UniqueIdentifier>
    </Filter>
    <Filter Include="src\Maps">
      <UniqueIdentifier>{8b254683-c344-46f3-b2ab-a20800d92ff8}</UniqueIdentifier>
    </Filter>
    <Filter Include="src\Layers">
      <UniqueIdentifier>{1ec70ee0-b5d2-4851-b584-71bb89c8dd57}</UniqueIdentifier>
    </Filter>
  </ItemGroup>
  <ItemGroup>
    <ClCompile Include="main.cpp">
      <Filter>win32</Filter>
    </ClCompile>
    <ClCompile Include="..\Classes\AppDelegate.cpp">
      <Filter>src</Filter>
    </ClCompile>
    <ClCompile Include="..\Classes\MainScene.cpp">
      <Filter>src</Filter>
    </ClCompile>
    <ClCompile Include="..\Classes\Player.cpp">
      <Filter>src\Actors</Filter>
    </ClCompile>
    <ClCompile Include="..\Classes\Coin.cpp">
      <Filter>src\Actors</Filter>
    </ClCompile>
    <ClCompile Include="..\Classes\Obstacle.cpp">
      <Filter>src\Actors</Filter>
    </ClCompile>
    <ClCompile Include="..\Classes\BackgroundLayer.cpp">
      <Filter>src\Layers</Filter>
    </ClCompile>
    <ClCompile Include="..\Classes\MainMenuLayer.cpp">
      <Filter>src\Layers</Filter>
    </ClCompile>
    <ClCompile Include="..\Classes\RegitsteredEvents.cpp">
      <Filter>src\Events</Filter>
    </ClCompile>
    <ClCompile Include="..\Classes\GameMainController.cpp">
      <Filter>src\GameController</Filter>
    </ClCompile>
    <ClCompile Include="..\Classes\MapSequences.cpp">
      <Filter>src\Maps</Filter>
    </ClCompile>
    <ClCompile Include="..\Classes\GameLayer.cpp">
      <Filter>src\Layers</Filter>
    </ClCompile>
    <ClCompile Include="..\Classes\MapSceneController.cpp">
      <Filter>src\GameController</Filter>
    </ClCompile>
    <ClCompile Include="..\Classes\PlayerController.cpp">
      <Filter>src\GameController</Filter>
    </ClCompile>
    <ClCompile Include="..\Classes\NpcController.cpp">
      <Filter>src\GameController</Filter>
    </ClCompile>
    <ClCompile Include="..\Classes\MoveAbleElemManager.cpp">
      <Filter>src\Actors</Filter>
    </ClCompile>
    <ClCompile Include="..\Classes\ElemsPreloadManager.cpp">
      <Filter>src\Actors</Filter>
    </ClCompile>
  </ItemGroup>
  <ItemGroup>
    <ClInclude Include="main.h">
      <Filter>win32</Filter>
    </ClInclude>
    <ClInclude Include="..\Classes\AppDelegate.h">
      <Filter>src</Filter>
    </ClInclude>
    <ClInclude Include="..\Classes\MainScene.h">
      <Filter>src</Filter>
    </ClInclude>
    <ClInclude Include="..\Classes\Player.h">
      <Filter>src\Actors</Filter>
    </ClInclude>
    <ClInclude Include="..\Classes\Coin.h">
      <Filter>src\Actors</Filter>
    </ClInclude>
    <ClInclude Include="..\Classes\Obstacle.h">
      <Filter>src\Actors</Filter>
    </ClInclude>
    <ClInclude Include="..\Classes\BackgroundLayer.h">
      <Filter>src\Layers</Filter>
    </ClInclude>
    <ClInclude Include="..\Classes\MainMenuLayer.h">
      <Filter>src\Layers</Filter>
    </ClInclude>
    <ClInclude Include="..\Classes\RegitsteredEvents.h">
      <Filter>src\Events</Filter>
    </ClInclude>
    <ClInclude Include="..\Classes\GameMainController.h">
      <Filter>src\GameController</Filter>
    </ClInclude>
    <ClInclude Include="..\Classes\MapSequences.h">
      <Filter>src\Maps</Filter>
    </ClInclude>
    <ClInclude Include="..\Classes\GameLayer.h">
      <Filter>src\Layers</Filter>
    </ClInclude>
    <ClInclude Include="..\Classes\MapSceneController.h">
      <Filter>src\GameController</Filter>
    </ClInclude>
    <ClInclude Include="..\Classes\PlayerController.h">
      <Filter>src\GameController</Filter>
    </ClInclude>
    <ClInclude Include="..\Classes\NpcController.h">
      <Filter>src\GameController</Filter>
    </ClInclude>
    <ClInclude Include="..\Classes\MoveAbleElem.h">
      <Filter>src\Actors</Filter>
    </ClInclude>
    <ClInclude Include="..\Classes\MoveAbleElemManager.h">
      <Filter>src\Actors</Filter>
    </ClInclude>
    <ClInclude Include="..\Classes\MoveAbleElemFactory.h">
      <Filter>src\Actors</Filter>
    </ClInclude>
    <ClInclude Include="..\Classes\MoveAbleElemBaseFactory.h">
      <Filter>src\Actors</Filter>
    </ClInclude>
    <ClInclude Include="..\Classes\ElemsPreloadManager.h">
      <Filter>src\Actors</Filter>
    </ClInclude>
  </ItemGroup>
  <ItemGroup>
    <ResourceCompile Include="game.rc">
      <Filter>resource</Filter>
    </ResourceCompile>
  </ItemGroup>
</Project>